
Microsoft Visual Studio Solution File, Format Version 12.00
# Visual Studio Version 16
VisualStudioVersion = 16.0.29728.190
MinimumVisualStudioVersion = 10.0.40219.1
Project("{FAE04EC0-301F-11D3-BF4B-00C04F79EFBC}") = "Abstract Factory", "Abstract Factory\Abstract Factory.csproj", "{4EE50C24-A814-44F8-845C-938FF33AA654}"
EndProject
Global
	GlobalSection(SolutionConfigurationPlatforms) = preSolution
		Debug|Any CPU = Debug|Any CPU
		Release|Any CPU = Release|Any CPU
	EndGlobalSection
	GlobalSection(ProjectConfigurationPlatforms) = postSolution
		{4EE50C24-A814-44F8-845C-938FF33AA654}.Debug|Any CPU.ActiveCfg = Debug|Any CPU
		{4EE50C24-A814-44F8-845C-938FF33AA654}.Debug|Any CPU.Build.0 = Debug|Any CPU
		{4EE50C24-A814-44F8-845C-938FF33AA654}.Release|Any CPU.ActiveCfg = Release|Any CPU
		{4EE50C24-A814-44F8-845C-938FF33AA654}.Release|Any CPU.Build.0 = Release|Any CPU
	EndGlobalSection
	GlobalSection(SolutionProperties) = preSolution
		HideSolutionNode = FALSE
	EndGlobalSection
	GlobalSection(ExtensibilityGlobals) = postSolution
		SolutionGuid = {7A566C0A-E41C-4C0B-AFBF-21E65B53FE2D}
	EndGlobalSection
EndGlobal
